// !$*UTF8*$!
{
	archiveVersion = 1;
	classes = {
	};
	objectVersion = 50;
	objects = {

/* Begin PBXBuildFile section */
		0BCD85C5226BB07800E96E91 /* AppDelegate.swift in Sources */ = {isa = PBXBuildFile; fileRef = 0BCD85C4226BB07800E96E91 /* AppDelegate.swift */; };
		0BCD85C7226BB07800E96E91 /* FirstViewController.swift in Sources */ = {isa = PBXBuildFile; fileRef = 0BCD85C6226BB07800E96E91 /* FirstViewController.swift */; };
		0BCD85C9226BB07800E96E91 /* SecondViewController.swift in Sources */ = {isa = PBXBuildFile; fileRef = 0BCD85C8226BB07800E96E91 /* SecondViewController.swift */; };
		0BCD85CC226BB07800E96E91 /* Main.storyboard in Resources */ = {isa = PBXBuildFile; fileRef = 0BCD85CA226BB07800E96E91 /* Main.storyboard */; };
		0BCD85CE226BB07A00E96E91 /* Assets.xcassets in Resources */ = {isa = PBXBuildFile; fileRef = 0BCD85CD226BB07A00E96E91 /* Assets.xcassets */; };
		0BCD85D1226BB07A00E96E91 /* LaunchScreen.storyboard in Resources */ = {isa = PBXBuildFile; fileRef = 0BCD85CF226BB07A00E96E91 /* LaunchScreen.storyboard */; };
		0BCD85DE226BB4C500E96E91 /* GoogleService-Info.plist in Resources */ = {isa = PBXBuildFile; fileRef = 0BCD85DD226BB4C500E96E91 /* GoogleService-Info.plist */; };
		0BCD85E0226E47A300E96E91 /* DataService.swift in Sources */ = {isa = PBXBuildFile; fileRef = 0BCD85DF226E47A300E96E91 /* DataService.swift */; };
		0BCD85E2226FA8DA00E96E91 /* AuthVC.swift in Sources */ = {isa = PBXBuildFile; fileRef = 0BCD85E1226FA8DA00E96E91 /* AuthVC.swift */; };
		0BCD85E4226FA8F000E96E91 /* LoginVC.swift in Sources */ = {isa = PBXBuildFile; fileRef = 0BCD85E3226FA8F000E96E91 /* LoginVC.swift */; };
		0BCD85E6226FA94700E96E91 /* InsetTextField.swift in Sources */ = {isa = PBXBuildFile; fileRef = 0BCD85E5226FA94700E96E91 /* InsetTextField.swift */; };
		0BCD85E82284B45600E96E91 /* ShadowView.swift in Sources */ = {isa = PBXBuildFile; fileRef = 0BCD85E72284B45500E96E91 /* ShadowView.swift */; };
		0BCD863322908E8900E96E91 /* AuthService.swift in Sources */ = {isa = PBXBuildFile; fileRef = 0BCD863222908E8900E96E91 /* AuthService.swift */; };
		56F7FF3F9B9826031546E575 /* Pods_ShokshMedia.framework in Frameworks */ = {isa = PBXBuildFile; fileRef = B2188A5C5F61B821862354F7 /* Pods_ShokshMedia.framework */; };
/* End PBXBuildFile section */

/* Begin PBXFileReference section */
		0BCD85C1226BB07800E96E91 /* ShokshMedia.app */ = {isa = PBXFileReference; explicitFileType = wrapper.application; includeInIndex = 0; path = ShokshMedia.app; sourceTree = BUILT_PRODUCTS_DIR; };
		0BCD85C4226BB07800E96E91 /* AppDelegate.swift */ = {isa = PBXFileReference; lastKnownFileType = sourcecode.swift; path = AppDelegate.swift; sourceTree = "<group>"; };
		0BCD85C6226BB07800E96E91 /* FirstViewController.swift */ = {isa = PBXFileReference; lastKnownFileType = sourcecode.swift; path = FirstViewController.swift; sourceTree = "<group>"; };
		0BCD85C8226BB07800E96E91 /* SecondViewController.swift */ = {isa = PBXFileReference; lastKnownFileType = sourcecode.swift; path = SecondViewController.swift; sourceTree = "<group>"; };
		0BCD85CB226BB07800E96E91 /* Base */ = {isa = PBXFileReference; lastKnownFileType = file.storyboard; name = Base; path = Base.lproj/Main.storyboard; sourceTree = "<group>"; };
		0BCD85CD226BB07A00E96E91 /* Assets.xcassets */ = {isa = PBXFileReference; lastKnownFileType = folder.assetcatalog; path = Assets.xcassets; sourceTree = "<group>"; };
		0BCD85D0226BB07A00E96E91 /* Base */ = {isa = PBXFileReference; lastKnownFileType = file.storyboard; name = Base; path = Base.lproj/LaunchScreen.storyboard; sourceTree = "<group>"; };
		0BCD85D2226BB07A00E96E91 /* Info.plist */ = {isa = PBXFileReference; lastKnownFileType = text.plist.xml; path = Info.plist; sourceTree = "<group>"; };
		0BCD85DD226BB4C500E96E91 /* GoogleService-Info.plist */ = {isa = PBXFileReference; fileEncoding = 4; lastKnownFileType = text.plist.xml; path = "GoogleService-Info.plist"; sourceTree = "<group>"; };
		0BCD85DF226E47A300E96E91 /* DataService.swift */ = {isa = PBXFileReference; lastKnownFileType = sourcecode.swift; path = DataService.swift; sourceTree = "<group>"; };
		0BCD85E1226FA8DA00E96E91 /* AuthVC.swift */ = {isa = PBXFileReference; lastKnownFileType = sourcecode.swift; path = AuthVC.swift; sourceTree = "<group>"; };
		0BCD85E3226FA8F000E96E91 /* LoginVC.swift */ = {isa = PBXFileReference; lastKnownFileType = sourcecode.swift; path = LoginVC.swift; sourceTree = "<group>"; };
		0BCD85E5226FA94700E96E91 /* InsetTextField.swift */ = {isa = PBXFileReference; lastKnownFileType = sourcecode.swift; path = InsetTextField.swift; sourceTree = "<group>"; };
		0BCD85E72284B45500E96E91 /* ShadowView.swift */ = {isa = PBXFileReference; lastKnownFileType = sourcecode.swift; path = ShadowView.swift; sourceTree = "<group>"; };
		0BCD863222908E8900E96E91 /* AuthService.swift */ = {isa = PBXFileReference; lastKnownFileType = sourcecode.swift; path = AuthService.swift; sourceTree = "<group>"; };
		9E362E17B4C289A07F37733C /* Pods-ShokshMedia.release.xcconfig */ = {isa = PBXFileReference; includeInIndex = 1; lastKnownFileType = text.xcconfig; name = "Pods-ShokshMedia.release.xcconfig"; path = "Pods/Target Support Files/Pods-ShokshMedia/Pods-ShokshMedia.release.xcconfig"; sourceTree = "<group>"; };
		B2188A5C5F61B821862354F7 /* Pods_ShokshMedia.framework */ = {isa = PBXFileReference; explicitFileType = wrapper.framework; includeInIndex = 0; path = Pods_ShokshMedia.framework; sourceTree = BUILT_PRODUCTS_DIR; };
		B3855062012A6CBBCB875776 /* Pods-ShokshMedia.debug.xcconfig */ = {isa = PBXFileReference; includeInIndex = 1; lastKnownFileType = text.xcconfig; name = "Pods-ShokshMedia.debug.xcconfig"; path = "Pods/Target Support Files/Pods-ShokshMedia/Pods-ShokshMedia.debug.xcconfig"; sourceTree = "<group>"; };
/* End PBXFileReference section */

/* Begin PBXFrameworksBuildPhase section */
		0BCD85BE226BB07800E96E91 /* Frameworks */ = {
			isa = PBXFrameworksBuildPhase;
			buildActionMask = 2147483647;
			files = (
				56F7FF3F9B9826031546E575 /* Pods_ShokshMedia.framework in Frameworks */,
			);
			runOnlyForDeploymentPostprocessing = 0;
		};
/* End PBXFrameworksBuildPhase section */

/* Begin PBXGroup section */
		0BCD85B8226BB07800E96E91 = {
			isa = PBXGroup;
			children = (
				0BCD85C3226BB07800E96E91 /* ShokshMedia */,
				0BCD85C2226BB07800E96E91 /* Products */,
				AFE56BFFECFBC2E4AD4392DE /* Pods */,
				3B97B7EB025D7F66F5B5B491 /* Frameworks */,
			);
			sourceTree = "<group>";
		};
		0BCD85C2226BB07800E96E91 /* Products */ = {
			isa = PBXGroup;
			children = (
				0BCD85C1226BB07800E96E91 /* ShokshMedia.app */,
			);
			name = Products;
			sourceTree = "<group>";
		};
		0BCD85C3226BB07800E96E91 /* ShokshMedia */ = {
			isa = PBXGroup;
			children = (
				0BCD85DC226BB0AF00E96E91 /* Services */,
				0BCD85DB226BB0A400E96E91 /* Extensions */,
				0BCD85DA226BB09D00E96E91 /* Model */,
				0BCD85D9226BB08F00E96E91 /* Controller */,
				0BCD85D8226BB08700E96E91 /* View */,
				0BCD85C4226BB07800E96E91 /* AppDelegate.swift */,
				0BCD85CA226BB07800E96E91 /* Main.storyboard */,
				0BCD85CD226BB07A00E96E91 /* Assets.xcassets */,
				0BCD85CF226BB07A00E96E91 /* LaunchScreen.storyboard */,
				0BCD85D2226BB07A00E96E91 /* Info.plist */,
				0BCD85DD226BB4C500E96E91 /* GoogleService-Info.plist */,
			);
			path = ShokshMedia;
			sourceTree = "<group>";
		};
		0BCD85D8226BB08700E96E91 /* View */ = {
			isa = PBXGroup;
			children = (
				0BCD85E5226FA94700E96E91 /* InsetTextField.swift */,
				0BCD85E72284B45500E96E91 /* ShadowView.swift */,
			);
			path = View;
			sourceTree = "<group>";
		};
		0BCD85D9226BB08F00E96E91 /* Controller */ = {
			isa = PBXGroup;
			children = (
				0BCD85C6226BB07800E96E91 /* FirstViewController.swift */,
				0BCD85C8226BB07800E96E91 /* SecondViewController.swift */,
				0BCD85E1226FA8DA00E96E91 /* AuthVC.swift */,
				0BCD85E3226FA8F000E96E91 /* LoginVC.swift */,
			);
			path = Controller;
			sourceTree = "<group>";
		};
		0BCD85DA226BB09D00E96E91 /* Model */ = {
			isa = PBXGroup;
			children = (
			);
			path = Model;
			sourceTree = "<group>";
		};
		0BCD85DB226BB0A400E96E91 /* Extensions */ = {
			isa = PBXGroup;
			children = (
			);
			path = Extensions;
			sourceTree = "<group>";
		};
		0BCD85DC226BB0AF00E96E91 /* Services */ = {
			isa = PBXGroup;
			children = (
				0BCD85DF226E47A300E96E91 /* DataService.swift */,
				0BCD863222908E8900E96E91 /* AuthService.swift */,
			);
			path = Services;
			sourceTree = "<group>";
		};
		3B97B7EB025D7F66F5B5B491 /* Frameworks */ = {
			isa = PBXGroup;
			children = (
				B2188A5C5F61B821862354F7 /* Pods_ShokshMedia.framework */,
			);
			name = Frameworks;
			sourceTree = "<group>";
		};
		AFE56BFFECFBC2E4AD4392DE /* Pods */ = {
			isa = PBXGroup;
			children = (
				B3855062012A6CBBCB875776 /* Pods-ShokshMedia.debug.xcconfig */,
				9E362E17B4C289A07F37733C /* Pods-ShokshMedia.release.xcconfig */,
			);
			name = Pods;
			sourceTree = "<group>";
		};
/* End PBXGroup section */

/* Begin PBXNativeTarget section */
		0BCD85C0226BB07800E96E91 /* ShokshMedia */ = {
			isa = PBXNativeTarget;
			buildConfigurationList = 0BCD85D5226BB07A00E96E91 /* Build configuration list for PBXNativeTarget "ShokshMedia" */;
			buildPhases = (
				9C376EDE9FF0ADB852DCC57A /* [CP] Check Pods Manifest.lock */,
				0BCD85BD226BB07800E96E91 /* Sources */,
				0BCD85BE226BB07800E96E91 /* Frameworks */,
				0BCD85BF226BB07800E96E91 /* Resources */,
				99CFE3B86FB64B636EE7DA61 /* [CP] Embed Pods Frameworks */,
			);
			buildRules = (
			);
			dependencies = (
			);
			name = ShokshMedia;
			productName = ShokshMedia;
			productReference = 0BCD85C1226BB07800E96E91 /* ShokshMedia.app */;
			productType = "com.apple.product-type.application";
		};
/* End PBXNativeTarget section */

/* Begin PBXProject section */
		0BCD85B9226BB07800E96E91 /* Project object */ = {
			isa = PBXProject;
			attributes = {
				LastSwiftUpdateCheck = 1000;
				LastUpgradeCheck = 1000;
				ORGANIZATIONNAME = "Mahmoud Elshakoushy";
				TargetAttributes = {
					0BCD85C0226BB07800E96E91 = {
						CreatedOnToolsVersion = 10.0;
					};
				};
			};
			buildConfigurationList = 0BCD85BC226BB07800E96E91 /* Build configuration list for PBXProject "ShokshMedia" */;
			compatibilityVersion = "Xcode 9.3";
			developmentRegion = en;
			hasScannedForEncodings = 0;
			knownRegions = (
				en,
				Base,
			);
			mainGroup = 0BCD85B8226BB07800E96E91;
			productRefGroup = 0BCD85C2226BB07800E96E91 /* Products */;
			projectDirPath = "";
			projectRoot = "";
			targets = (
				0BCD85C0226BB07800E96E91 /* ShokshMedia */,
			);
		};
/* End PBXProject section */

/* Begin PBXResourcesBuildPhase section */
		0BCD85BF226BB07800E96E91 /* Resources */ = {
			isa = PBXResourcesBuildPhase;
			buildActionMask = 2147483647;
			files = (
				0BCD85D1226BB07A00E96E91 /* LaunchScreen.storyboard in Resources */,
				0BCD85DE226BB4C500E96E91 /* GoogleService-Info.plist in Resources */,
				0BCD85CE226BB07A00E96E91 /* Assets.xcassets in Resources */,
				0BCD85CC226BB07800E96E91 /* Main.storyboard in Resources */,
			);
			runOnlyForDeploymentPostprocessing = 0;
		};
/* End PBXResourcesBuildPhase section */

/* Begin PBXShellScriptBuildPhase section */
		99CFE3B86FB64B636EE7DA61 /* [CP] Embed Pods Frameworks */ = {
			isa = PBXShellScriptBuildPhase;
			buildActionMask = 2147483647;
			files = (
			);
			inputPaths = (
				"${SRCROOT}/Pods/Target Support Files/Pods-ShokshMedia/Pods-ShokshMedia-frameworks.sh",
				"${BUILT_PRODUCTS_DIR}/GTMSessionFetcher/GTMSessionFetcher.framework",
				"${BUILT_PRODUCTS_DIR}/GoogleUtilities/GoogleUtilities.framework",
				"${BUILT_PRODUCTS_DIR}/leveldb-library/leveldb.framework",
				"${BUILT_PRODUCTS_DIR}/nanopb/nanopb.framework",
			);
			name = "[CP] Embed Pods Frameworks";
			outputPaths = (
				"${TARGET_BUILD_DIR}/${FRAMEWORKS_FOLDER_PATH}/GTMSessionFetcher.framework",
				"${TARGET_BUILD_DIR}/${FRAMEWORKS_FOLDER_PATH}/GoogleUtilities.framework",
				"${TARGET_BUILD_DIR}/${FRAMEWORKS_FOLDER_PATH}/leveldb.framework",
				"${TARGET_BUILD_DIR}/${FRAMEWORKS_FOLDER_PATH}/nanopb.framework",
			);
			runOnlyForDeploymentPostprocessing = 0;
			shellPath = /bin/sh;
			shellScript = "\"${SRCROOT}/Pods/Target Support Files/Pods-ShokshMedia/Pods-ShokshMedia-frameworks.sh\"\n";
			showEnvVarsInLog = 0;
		};
		9C376EDE9FF0ADB852DCC57A /* [CP] Check Pods Manifest.lock */ = {
			isa = PBXShellScriptBuildPhase;
			buildActionMask = 2147483647;
			files = (
			);
			inputPaths = (
				"${PODS_PODFILE_DIR_PATH}/Podfile.lock",
				"${PODS_ROOT}/Manifest.lock",
			);
			name = "[CP] Check Pods Manifest.lock";
			outputPaths = (
				"$(DERIVED_FILE_DIR)/Pods-ShokshMedia-checkManifestLockResult.txt",
			);
			runOnlyForDeploymentPostprocessing = 0;
			shellPath = /bin/sh;
			shellScript = "diff \"${PODS_PODFILE_DIR_PATH}/Podfile.lock\" \"${PODS_ROOT}/Manifest.lock\" > /dev/null\nif [ $? != 0 ] ; then\n    # print error to STDERR\n    echo \"error: The sandbox is not in sync with the Podfile.lock. Run 'pod install' or update your CocoaPods installation.\" >&2\n    exit 1\nfi\n# This output is used by Xcode 'outputs' to avoid re-running this script phase.\necho \"SUCCESS\" > \"${SCRIPT_OUTPUT_FILE_0}\"\n";
			showEnvVarsInLog = 0;
		};
/* End PBXShellScriptBuildPhase section */

/* Begin PBXSourcesBuildPhase section */
		0BCD85BD226BB07800E96E91 /* Sources */ = {
			isa = PBXSourcesBuildPhase;
			buildActionMask = 2147483647;
			files = (
				0BCD85E6226FA94700E96E91 /* InsetTextField.swift in Sources */,
				0BCD85E2226FA8DA00E96E91 /* AuthVC.swift in Sources */,
				0BCD85C9226BB07800E96E91 /* SecondViewController.swift in Sources */,
				0BCD863322908E8900E96E91 /* AuthService.swift in Sources */,
				0BCD85E4226FA8F000E96E91 /* LoginVC.swift in Sources */,
				0BCD85E82284B45600E96E91 /* ShadowView.swift in Sources */,
				0BCD85C5226BB07800E96E91 /* AppDelegate.swift in Sources */,
				0BCD85C7226BB07800E96E91 /* FirstViewController.swift in Sources */,
				0BCD85E0226E47A300E96E91 /* DataService.swift in Sources */,
			);
			runOnlyForDeploymentPostprocessing = 0;
		};
/* End PBXSourcesBuildPhase section */

/* Begin PBXVariantGroup section */
		0BCD85CA226BB07800E96E91 /* Main.storyboard */ = {
			isa = PBXVariantGroup;
			children = (
				0BCD85CB226BB07800E96E91 /* Base */,
			);
			name = Main.storyboard;
			sourceTree = "<group>";
		};
		0BCD85CF226BB07A00E96E91 /* LaunchScreen.storyboard */ = {
			isa = PBXVariantGroup;
			children = (
				0BCD85D0226BB07A00E96E91 /* Base */,
			);
			name = LaunchScreen.storyboard;
			sourceTree = "<group>";
		};
/* End PBXVariantGroup section */

/* Begin XCBuildConfiguration section */
		0BCD85D3226BB07A00E96E91 /* Debug */ = {
			isa = XCBuildConfiguration;
			buildSettings = {
				ALWAYS_SEARCH_USER_PATHS = NO;
				CLANG_ANALYZER_NONNULL = YES;
				CLANG_ANALYZER_NUMBER_OBJECT_CONVERSION = YES_AGGRESSIVE;
				CLANG_CXX_LANGUAGE_STANDARD = "gnu++14";
				CLANG_CXX_LIBRARY = "libc++";
				CLANG_ENABLE_MODULES = YES;
				CLANG_ENABLE_OBJC_ARC = YES;
				CLANG_ENABLE_OBJC_WEAK = YES;
				CLANG_WARN_BLOCK_CAPTURE_AUTORELEASING = YES;
				CLANG_WARN_BOOL_CONVERSION = YES;
				CLANG_WARN_COMMA = YES;
				CLANG_WARN_CONSTANT_CONVERSION = YES;
				CLANG_WARN_DEPRECATED_OBJC_IMPLEMENTATIONS = YES;
				CLANG_WARN_DIRECT_OBJC_ISA_USAGE = YES_ERROR;
				CLANG_WARN_DOCUMENTATION_COMMENTS = YES;
				CLANG_WARN_EMPTY_BODY = YES;
				CLANG_WARN_ENUM_CONVERSION = YES;
				CLANG_WARN_INFINITE_RECURSION = YES;
				CLANG_WARN_INT_CONVERSION = YES;
				CLANG_WARN_NON_LITERAL_NULL_CONVERSION = YES;
				CLANG_WARN_OBJC_IMPLICIT_RETAIN_SELF = YES;
				CLANG_WARN_OBJC_LITERAL_CONVERSION = YES;
				CLANG_WARN_OBJC_ROOT_CLASS = YES_ERROR;
				CLANG_WARN_RANGE_LOOP_ANALYSIS = YES;
				CLANG_WARN_STRICT_PROTOTYPES = YES;
				CLANG_WARN_SUSPICIOUS_MOVE = YES;
				CLANG_WARN_UNGUARDED_AVAILABILITY = YES_AGGRESSIVE;
				CLANG_WARN_UNREACHABLE_CODE = YES;
				CLANG_WARN__DUPLICATE_METHOD_MATCH = YES;
				CODE_SIGN_IDENTITY = "iPhone Developer";
				COPY_PHASE_STRIP = NO;
				DEBUG_INFORMATION_FORMAT = dwarf;
				ENABLE_STRICT_OBJC_MSGSEND = YES;
				ENABLE_TESTABILITY = YES;
				GCC_C_LANGUAGE_STANDARD = gnu11;
				GCC_DYNAMIC_NO_PIC = NO;
				GCC_NO_COMMON_BLOCKS = YES;
				GCC_OPTIMIZATION_LEVEL = 0;
				GCC_PREPROCESSOR_DEFINITIONS = (
					"DEBUG=1",
					"$(inherited)",
				);
				GCC_WARN_64_TO_32_BIT_CONVERSION = YES;
				GCC_WARN_ABOUT_RETURN_TYPE = YES_ERROR;
				GCC_WARN_UNDECLARED_SELECTOR = YES;
				GCC_WARN_UNINITIALIZED_AUTOS = YES_AGGRESSIVE;
				GCC_WARN_UNUSED_FUNCTION = YES;
				GCC_WARN_UNUSED_VARIABLE = YES;
				IPHONEOS_DEPLOYMENT_TARGET = 12.0;
				MTL_ENABLE_DEBUG_INFO = INCLUDE_SOURCE;
				MTL_FAST_MATH = YES;
				ONLY_ACTIVE_ARCH = YES;
				SDKROOT = iphoneos;
				SWIFT_ACTIVE_COMPILATION_CONDITIONS = DEBUG;
				SWIFT_OPTIMIZATION_LEVEL = "-Onone";
			};
			name = Debug;
		};
		0BCD85D4226BB07A00E96E91 /* Release */ = {
			isa = XCBuildConfiguration;
			buildSettings = {
				ALWAYS_SEARCH_USER_PATHS = NO;
				CLANG_ANALYZER_NONNULL = YES;
				CLANG_ANALYZER_NUMBER_OBJECT_CONVERSION = YES_AGGRESSIVE;
				CLANG_CXX_LANGUAGE_STANDARD = "gnu++14";
				CLANG_CXX_LIBRARY = "libc++";
				CLANG_ENABLE_MODULES = YES;
				CLANG_ENABLE_OBJC_ARC = YES;
				CLANG_ENABLE_OBJC_WEAK = YES;
				CLANG_WARN_BLOCK_CAPTURE_AUTORELEASING = YES;
				CLANG_WARN_BOOL_CONVERSION = YES;
				CLANG_WARN_COMMA = YES;
				CLANG_WARN_CONSTANT_CONVERSION = YES;
				CLANG_WARN_DEPRECATED_OBJC_IMPLEMENTATIONS = YES;
				CLANG_WARN_DIRECT_OBJC_ISA_USAGE = YES_ERROR;
				CLANG_WARN_DOCUMENTATION_COMMENTS = YES;
				CLANG_WARN_EMPTY_BODY = YES;
				CLANG_WARN_ENUM_CONVERSION = YES;
				CLANG_WARN_INFINITE_RECURSION = YES;
				CLANG_WARN_INT_CONVERSION = YES;
				CLANG_WARN_NON_LITERAL_NULL_CONVERSION = YES;
				CLANG_WARN_OBJC_IMPLICIT_RETAIN_SELF = YES;
				CLANG_WARN_OBJC_LITERAL_CONVERSION = YES;
				CLANG_WARN_OBJC_ROOT_CLASS = YES_ERROR;
				CLANG_WARN_RANGE_LOOP_ANALYSIS = YES;
				CLANG_WARN_STRICT_PROTOTYPES = YES;
				CLANG_WARN_SUSPICIOUS_MOVE = YES;
				CLANG_WARN_UNGUARDED_AVAILABILITY = YES_AGGRESSIVE;
				CLANG_WARN_UNREACHABLE_CODE = YES;
				CLANG_WARN__DUPLICATE_METHOD_MATCH = YES;
				CODE_SIGN_IDENTITY = "iPhone Developer";
				COPY_PHASE_STRIP = NO;
				DEBUG_INFORMATION_FORMAT = "dwarf-with-dsym";
				ENABLE_NS_ASSERTIONS = NO;
				ENABLE_STRICT_OBJC_MSGSEND = YES;
				GCC_C_LANGUAGE_STANDARD = gnu11;
				GCC_NO_COMMON_BLOCKS = YES;
				GCC_WARN_64_TO_32_BIT_CONVERSION = YES;
				GCC_WARN_ABOUT_RETURN_TYPE = YES_ERROR;
				GCC_WARN_UNDECLARED_SELECTOR = YES;
				GCC_WARN_UNINITIALIZED_AUTOS = YES_AGGRESSIVE;
				GCC_WARN_UNUSED_FUNCTION = YES;
				GCC_WARN_UNUSED_VARIABLE = YES;
				IPHONEOS_DEPLOYMENT_TARGET = 12.0;
				MTL_ENABLE_DEBUG_INFO = NO;
				MTL_FAST_MATH = YES;
				SDKROOT = iphoneos;
				SWIFT_COMPILATION_MODE = wholemodule;
				SWIFT_OPTIMIZATION_LEVEL = "-O";
				VALIDATE_PRODUCT = YES;
			};
			name = Release;
		};
		0BCD85D6226BB07A00E96E91 /* Debug */ = {
			isa = XCBuildConfiguration;
			baseConfigurationReference = B3855062012A6CBBCB875776 /* Pods-ShokshMedia.debug.xcconfig */;
			buildSettings = {
				ASSETCATALOG_COMPILER_APPICON_NAME = AppIcon;
				CODE_SIGN_STYLE = Automatic;
				INFOPLIST_FILE = ShokshMedia/Info.plist;
				LD_RUNPATH_SEARCH_PATHS = (
					"$(inherited)",
					"@executable_path/Frameworks",
				);
				PRODUCT_BUNDLE_IDENTIFIER = shakoushy.ShokshMedia;
				PRODUCT_NAME = "$(TARGET_NAME)";
				SWIFT_VERSION = 4.2;
				TARGETED_DEVICE_FAMILY = "1,2";
			};
			name = Debug;
		};
		0BCD85D7226BB07A00E96E91 /* Release */ = {
			isa = XCBuildConfiguration;
			baseConfigurationReference = 9E362E17B4C289A07F37733C /* Pods-ShokshMedia.release.xcconfig */;
			buildSettings = {
				ASSETCATALOG_COMPILER_APPICON_NAME = AppIcon;
				CODE_SIGN_STYLE = Automatic;
				INFOPLIST_FILE = ShokshMedia/Info.plist;
				LD_RUNPATH_SEARCH_PATHS = (
					"$(inherited)",
					"@executable_path/Frameworks",
				);
				PRODUCT_BUNDLE_IDENTIFIER = shakoushy.ShokshMedia;
				PRODUCT_NAME = "$(TARGET_NAME)";
				SWIFT_VERSION = 4.2;
				TARGETED_DEVICE_FAMILY = "1,2";
			};
			name = Release;
		};
/* End XCBuildConfiguration section */

/* Begin XCConfigurationList section */
		0BCD85BC226BB07800E96E91 /* Build configuration list for PBXProject "ShokshMedia" */ = {
			isa = XCConfigurationList;
			buildConfigurations = (
				0BCD85D3226BB07A00E96E91 /* Debug */,
				0BCD85D4226BB07A00E96E91 /* Release */,
			);
			defaultConfigurationIsVisible = 0;
			defaultConfigurationName = Release;
		};
		0BCD85D5226BB07A00E96E91 /* Build configuration list for PBXNativeTarget "ShokshMedia" */ = {
			isa = XCConfigurationList;
			buildConfigurations = (
				0BCD85D6226BB07A00E96E91 /* Debug */,
				0BCD85D7226BB07A00E96E91 /* Release */,
			);
			defaultConfigurationIsVisible = 0;
			defaultConfigurationName = Release;
		};
/* End XCConfigurationList section */
	};
	rootObject = 0BCD85B9226BB07800E96E91 /* Project object */;
}
